
Microsoft Visual Studio Solution File, Format Version 12.00
# Visual Studio Version 16
VisualStudioVersion = 16.0.29306.81
MinimumVisualStudioVersion = 10.0.40219.1
Project("{FAE04EC0-301F-11D3-BF4B-00C04F79EFBC}") = "RestAPI", "RestAPI\RestAPI.csproj", "{C1B02C85-BF5A-400B-B605-0FD8A1C9E2AC}"
EndProject
Global
	GlobalSection(SolutionConfigurationPlatforms) = preSolution
		Debug|Any CPU = Debug|Any CPU
		Release|Any CPU = Release|Any CPU
	EndGlobalSection
	GlobalSection(ProjectConfigurationPlatforms) = postSolution
		{C1B02C85-BF5A-400B-B605-0FD8A1C9E2AC}.Debug|Any CPU.ActiveCfg = Debug|Any CPU
		{C1B02C85-BF5A-400B-B605-0FD8A1C9E2AC}.Debug|Any CPU.Build.0 = Debug|Any CPU
		{C1B02C85-BF5A-400B-B605-0FD8A1C9E2AC}.Release|Any CPU.ActiveCfg = Release|Any CPU
		{C1B02C85-BF5A-400B-B605-0FD8A1C9E2AC}.Release|Any CPU.Build.0 = Release|Any CPU
	EndGlobalSection
	GlobalSection(SolutionProperties) = preSolution
		HideSolutionNode = FALSE
	EndGlobalSection
	GlobalSection(ExtensibilityGlobals) = postSolution
		SolutionGuid = {7CF04CFC-B2F1-4397-8A69-0D626D3F3535}
	EndGlobalSection
EndGlobal
